// !$*UTF8*$!
{
	archiveVersion = 1;
	classes = {
	};
	objectVersion = 55;
	objects = {

/* Begin PBXBuildFile section */
		484DC4922919C84600AE095B /* AppDelegate.swift in Sources */ = {isa = PBXBuildFile; fileRef = 484DC4912919C84600AE095B /* AppDelegate.swift */; };
		484DC4942919C84600AE095B /* SceneDelegate.swift in Sources */ = {isa = PBXBuildFile; fileRef = 484DC4932919C84600AE095B /* SceneDelegate.swift */; };
		484DC4962919C84600AE095B /* ViewController.swift in Sources */ = {isa = PBXBuildFile; fileRef = 484DC4952919C84600AE095B /* ViewController.swift */; };
		484DC4992919C84600AE095B /* Main.storyboard in Resources */ = {isa = PBXBuildFile; fileRef = 484DC4972919C84600AE095B /* Main.storyboard */; };
		484DC49B2919C84700AE095B /* Assets.xcassets in Resources */ = {isa = PBXBuildFile; fileRef = 484DC49A2919C84700AE095B /* Assets.xcassets */; };
		484DC49E2919C84700AE095B /* LaunchScreen.storyboard in Resources */ = {isa = PBXBuildFile; fileRef = 484DC49C2919C84700AE095B /* LaunchScreen.storyboard */; };
		484DC4A92919C84700AE095B /* FreeFinders3BTests.swift in Sources */ = {isa = PBXBuildFile; fileRef = 484DC4A82919C84700AE095B /* FreeFinders3BTests.swift */; };
		484DC4B32919C84700AE095B /* FreeFinders3BUITests.swift in Sources */ = {isa = PBXBuildFile; fileRef = 484DC4B22919C84700AE095B /* FreeFinders3BUITests.swift */; };
		484DC4B52919C84700AE095B /* FreeFinders3BUITestsLaunchTests.swift in Sources */ = {isa = PBXBuildFile; fileRef = 484DC4B42919C84700AE095B /* FreeFinders3BUITestsLaunchTests.swift */; };
		48D16F33291BB3D9005CECEF /* Mapkit Tests.swift in Sources */ = {isa = PBXBuildFile; fileRef = 48D16F32291BB3D9005CECEF /* Mapkit Tests.swift */; };
		48D16F35291BB5FD005CECEF /* Realm in Frameworks */ = {isa = PBXBuildFile; productRef = 48D16F34291BB5FD005CECEF /* Realm */; };
		48D16F37291BB600005CECEF /* RealmSwift in Frameworks */ = {isa = PBXBuildFile; productRef = 48D16F36291BB600005CECEF /* RealmSwift */; };
		48D16F38291BB6CB005CECEF /* Google Tests.swift in Sources */ = {isa = PBXBuildFile; fileRef = 48C191CC291B773E000466F7 /* Google Tests.swift */; };
		5A41CE49291B77A000B68AA5 /* Realm in Frameworks */ = {isa = PBXBuildFile; productRef = 5A41CE48291B77A000B68AA5 /* Realm */; };
		5A41CE4B291B77A000B68AA5 /* RealmSwift in Frameworks */ = {isa = PBXBuildFile; productRef = 5A41CE4A291B77A000B68AA5 /* RealmSwift */; };
		5A7713AB2919F20C00040D8A /* List.storyboard in Resources */ = {isa = PBXBuildFile; fileRef = 5A7713AA2919F20C00040D8A /* List.storyboard */; };
		5A7713B1291A0F9E00040D8A /* ItemTableViewController.swift in Sources */ = {isa = PBXBuildFile; fileRef = 5A7713B0291A0F9E00040D8A /* ItemTableViewController.swift */; };
		734303162919CCC90064974F /* CreateItemView.storyboard in Resources */ = {isa = PBXBuildFile; fileRef = 734303152919CCC90064974F /* CreateItemView.storyboard */; };
		734303172919CCC90064974F /* CreateItemView.storyboard in Resources */ = {isa = PBXBuildFile; fileRef = 734303152919CCC90064974F /* CreateItemView.storyboard */; };
		734303182919CCC90064974F /* CreateItemView.storyboard in Resources */ = {isa = PBXBuildFile; fileRef = 734303152919CCC90064974F /* CreateItemView.storyboard */; };
		7343031A2919CCD00064974F /* Profile.storyboard in Resources */ = {isa = PBXBuildFile; fileRef = 734303192919CCD00064974F /* Profile.storyboard */; };
		7343031B2919CCD00064974F /* Profile.storyboard in Resources */ = {isa = PBXBuildFile; fileRef = 734303192919CCD00064974F /* Profile.storyboard */; };
		7343031C2919CCD00064974F /* Profile.storyboard in Resources */ = {isa = PBXBuildFile; fileRef = 734303192919CCD00064974F /* Profile.storyboard */; };
		738572BB2919F50000D0F5B5 /* ViewItem.storyboard in Resources */ = {isa = PBXBuildFile; fileRef = 738572BA2919F50000D0F5B5 /* ViewItem.storyboard */; };
		738572BC2919F50000D0F5B5 /* ViewItem.storyboard in Resources */ = {isa = PBXBuildFile; fileRef = 738572BA2919F50000D0F5B5 /* ViewItem.storyboard */; };
		738572BD2919F50000D0F5B5 /* ViewItem.storyboard in Resources */ = {isa = PBXBuildFile; fileRef = 738572BA2919F50000D0F5B5 /* ViewItem.storyboard */; };
		738572C5291A052800D0F5B5 /* ItemViewController.swift in Sources */ = {isa = PBXBuildFile; fileRef = 738572C4291A052800D0F5B5 /* ItemViewController.swift */; };
		738572C7291A053600D0F5B5 /* ProfileViewController.swift in Sources */ = {isa = PBXBuildFile; fileRef = 738572C6291A053600D0F5B5 /* ProfileViewController.swift */; };
		BD3FBFEA291B6185008268A2 /* main.swift in Sources */ = {isa = PBXBuildFile; fileRef = BD3FBFE9291B6185008268A2 /* main.swift */; };
		BD6DF2FB291B1BA400378E42 /* Item.swift in Sources */ = {isa = PBXBuildFile; fileRef = BD6DF2FA291B1BA400378E42 /* Item.swift */; };
		BD6DF2FD291B1BAF00378E42 /* User.swift in Sources */ = {isa = PBXBuildFile; fileRef = BD6DF2FC291B1BAF00378E42 /* User.swift */; };
		BD6DF302291B1D5500378E42 /* Realm in Frameworks */ = {isa = PBXBuildFile; productRef = BD6DF301291B1D5500378E42 /* Realm */; };
		BD6DF304291B1D5500378E42 /* RealmSwift in Frameworks */ = {isa = PBXBuildFile; productRef = BD6DF303291B1D5500378E42 /* RealmSwift */; };
		BD6DF307291B247400378E42 /* AppData.swift in Sources */ = {isa = PBXBuildFile; fileRef = BD6DF306291B247400378E42 /* AppData.swift */; };
		BDE07B04291D911A003324AD /* Auth.swift in Sources */ = {isa = PBXBuildFile; fileRef = BDE07B03291D911A003324AD /* Auth.swift */; };
		BDE07B07291D9131003324AD /* MongoDB.swift in Sources */ = {isa = PBXBuildFile; fileRef = BDE07B06291D9131003324AD /* MongoDB.swift */; };
		BDE07B09291D9146003324AD /* Refresh.swift in Sources */ = {isa = PBXBuildFile; fileRef = BDE07B08291D9146003324AD /* Refresh.swift */; };
/* End PBXBuildFile section */

/* Begin PBXContainerItemProxy section */
		484DC4A52919C84700AE095B /* PBXContainerItemProxy */ = {
			isa = PBXContainerItemProxy;
			containerPortal = 484DC4862919C84600AE095B /* Project object */;
			proxyType = 1;
			remoteGlobalIDString = 484DC48D2919C84600AE095B;
			remoteInfo = FreeFinders3B;
		};
		484DC4AF2919C84700AE095B /* PBXContainerItemProxy */ = {
			isa = PBXContainerItemProxy;
			containerPortal = 484DC4862919C84600AE095B /* Project object */;
			proxyType = 1;
			remoteGlobalIDString = 484DC48D2919C84600AE095B;
			remoteInfo = FreeFinders3B;
		};
/* End PBXContainerItemProxy section */

/* Begin PBXFileReference section */
		484DC48E2919C84600AE095B /* FreeFinders3B.app */ = {isa = PBXFileReference; explicitFileType = wrapper.application; includeInIndex = 0; path = FreeFinders3B.app; sourceTree = BUILT_PRODUCTS_DIR; };
		484DC4912919C84600AE095B /* AppDelegate.swift */ = {isa = PBXFileReference; lastKnownFileType = sourcecode.swift; path = AppDelegate.swift; sourceTree = "<group>"; };
		484DC4932919C84600AE095B /* SceneDelegate.swift */ = {isa = PBXFileReference; lastKnownFileType = sourcecode.swift; path = SceneDelegate.swift; sourceTree = "<group>"; };
		484DC4952919C84600AE095B /* ViewController.swift */ = {isa = PBXFileReference; lastKnownFileType = sourcecode.swift; path = ViewController.swift; sourceTree = "<group>"; };
		484DC4982919C84600AE095B /* Base */ = {isa = PBXFileReference; lastKnownFileType = file.storyboard; name = Base; path = Base.lproj/Main.storyboard; sourceTree = "<group>"; };
		484DC49A2919C84700AE095B /* Assets.xcassets */ = {isa = PBXFileReference; lastKnownFileType = folder.assetcatalog; path = Assets.xcassets; sourceTree = "<group>"; };
		484DC49D2919C84700AE095B /* Base */ = {isa = PBXFileReference; lastKnownFileType = file.storyboard; name = Base; path = Base.lproj/LaunchScreen.storyboard; sourceTree = "<group>"; };
		484DC49F2919C84700AE095B /* Info.plist */ = {isa = PBXFileReference; lastKnownFileType = text.plist.xml; path = Info.plist; sourceTree = "<group>"; };
		484DC4A42919C84700AE095B /* FreeFinders3BTests.xctest */ = {isa = PBXFileReference; explicitFileType = wrapper.cfbundle; includeInIndex = 0; path = FreeFinders3BTests.xctest; sourceTree = BUILT_PRODUCTS_DIR; };
		484DC4A82919C84700AE095B /* FreeFinders3BTests.swift */ = {isa = PBXFileReference; lastKnownFileType = sourcecode.swift; path = FreeFinders3BTests.swift; sourceTree = "<group>"; };
		484DC4AE2919C84700AE095B /* FreeFinders3BUITests.xctest */ = {isa = PBXFileReference; explicitFileType = wrapper.cfbundle; includeInIndex = 0; path = FreeFinders3BUITests.xctest; sourceTree = BUILT_PRODUCTS_DIR; };
		484DC4B22919C84700AE095B /* FreeFinders3BUITests.swift */ = {isa = PBXFileReference; lastKnownFileType = sourcecode.swift; path = FreeFinders3BUITests.swift; sourceTree = "<group>"; };
		484DC4B42919C84700AE095B /* FreeFinders3BUITestsLaunchTests.swift */ = {isa = PBXFileReference; lastKnownFileType = sourcecode.swift; path = FreeFinders3BUITestsLaunchTests.swift; sourceTree = "<group>"; };
		48C191C8291B7196000466F7 /* Map Tests.swift */ = {isa = PBXFileReference; lastKnownFileType = sourcecode.swift; path = "Map Tests.swift"; sourceTree = "<group>"; };
		48C191CC291B773E000466F7 /* Google Tests.swift */ = {isa = PBXFileReference; lastKnownFileType = sourcecode.swift; path = "Google Tests.swift"; sourceTree = "<group>"; };
		48D16F32291BB3D9005CECEF /* Mapkit Tests.swift */ = {isa = PBXFileReference; lastKnownFileType = sourcecode.swift; name = "Mapkit Tests.swift"; path = "FreeFinders3BUITests/Mapkit Tests.swift"; sourceTree = SOURCE_ROOT; };
		5A7713AA2919F20C00040D8A /* List.storyboard */ = {isa = PBXFileReference; fileEncoding = 4; lastKnownFileType = file.storyboard; path = List.storyboard; sourceTree = "<group>"; };
		5A7713B0291A0F9E00040D8A /* ItemTableViewController.swift */ = {isa = PBXFileReference; lastKnownFileType = sourcecode.swift; path = ItemTableViewController.swift; sourceTree = "<group>"; };
		734303152919CCC90064974F /* CreateItemView.storyboard */ = {isa = PBXFileReference; fileEncoding = 4; lastKnownFileType = file.storyboard; path = CreateItemView.storyboard; sourceTree = "<group>"; };
		734303192919CCD00064974F /* Profile.storyboard */ = {isa = PBXFileReference; fileEncoding = 4; lastKnownFileType = file.storyboard; path = Profile.storyboard; sourceTree = "<group>"; };
		738572BA2919F50000D0F5B5 /* ViewItem.storyboard */ = {isa = PBXFileReference; fileEncoding = 4; lastKnownFileType = file.storyboard; path = ViewItem.storyboard; sourceTree = "<group>"; };
		738572C4291A052800D0F5B5 /* ItemViewController.swift */ = {isa = PBXFileReference; fileEncoding = 4; lastKnownFileType = sourcecode.swift; path = ItemViewController.swift; sourceTree = "<group>"; };
		738572C6291A053600D0F5B5 /* ProfileViewController.swift */ = {isa = PBXFileReference; lastKnownFileType = sourcecode.swift; path = ProfileViewController.swift; sourceTree = "<group>"; };
		BD3FBFE9291B6185008268A2 /* main.swift */ = {isa = PBXFileReference; fileEncoding = 4; lastKnownFileType = sourcecode.swift; path = main.swift; sourceTree = "<group>"; };
		BD6DF2FA291B1BA400378E42 /* Item.swift */ = {isa = PBXFileReference; lastKnownFileType = sourcecode.swift; path = Item.swift; sourceTree = "<group>"; };
		BD6DF2FC291B1BAF00378E42 /* User.swift */ = {isa = PBXFileReference; lastKnownFileType = sourcecode.swift; path = User.swift; sourceTree = "<group>"; };
		BD6DF306291B247400378E42 /* AppData.swift */ = {isa = PBXFileReference; lastKnownFileType = sourcecode.swift; path = AppData.swift; sourceTree = "<group>"; };
		BDE07B03291D911A003324AD /* Auth.swift */ = {isa = PBXFileReference; lastKnownFileType = sourcecode.swift; path = Auth.swift; sourceTree = "<group>"; };
		BDE07B06291D9131003324AD /* MongoDB.swift */ = {isa = PBXFileReference; lastKnownFileType = sourcecode.swift; path = MongoDB.swift; sourceTree = "<group>"; };
		BDE07B08291D9146003324AD /* Refresh.swift */ = {isa = PBXFileReference; lastKnownFileType = sourcecode.swift; path = Refresh.swift; sourceTree = "<group>"; };
/* End PBXFileReference section */

/* Begin PBXFrameworksBuildPhase section */
		484DC48B2919C84600AE095B /* Frameworks */ = {
			isa = PBXFrameworksBuildPhase;
			buildActionMask = 2147483647;
			files = (
				BD6DF302291B1D5500378E42 /* Realm in Frameworks */,
				BD6DF304291B1D5500378E42 /* RealmSwift in Frameworks */,
			);
			runOnlyForDeploymentPostprocessing = 0;
		};
		484DC4A12919C84700AE095B /* Frameworks */ = {
			isa = PBXFrameworksBuildPhase;
			buildActionMask = 2147483647;
			files = (
				5A41CE4B291B77A000B68AA5 /* RealmSwift in Frameworks */,
				5A41CE49291B77A000B68AA5 /* Realm in Frameworks */,
			);
			runOnlyForDeploymentPostprocessing = 0;
		};
		484DC4AB2919C84700AE095B /* Frameworks */ = {
			isa = PBXFrameworksBuildPhase;
			buildActionMask = 2147483647;
			files = (
				48D16F37291BB600005CECEF /* RealmSwift in Frameworks */,
				48D16F35291BB5FD005CECEF /* Realm in Frameworks */,
			);
			runOnlyForDeploymentPostprocessing = 0;
		};
/* End PBXFrameworksBuildPhase section */

/* Begin PBXGroup section */
		484DC4852919C84600AE095B = {
			isa = PBXGroup;
			children = (
				484DC4902919C84600AE095B /* FreeFinders3B */,
				484DC4A72919C84700AE095B /* FreeFinders3BTests */,
				484DC4B12919C84700AE095B /* FreeFinders3BUITests */,
				484DC48F2919C84600AE095B /* Products */,
				5A41CE47291B77A000B68AA5 /* Frameworks */,
			);
			sourceTree = "<group>";
		};
		484DC48F2919C84600AE095B /* Products */ = {
			isa = PBXGroup;
			children = (
				484DC48E2919C84600AE095B /* FreeFinders3B.app */,
				484DC4A42919C84700AE095B /* FreeFinders3BTests.xctest */,
				484DC4AE2919C84700AE095B /* FreeFinders3BUITests.xctest */,
			);
			name = Products;
			sourceTree = "<group>";
		};
		484DC4902919C84600AE095B /* FreeFinders3B */ = {
			isa = PBXGroup;
			children = (
				738572C3291A051400D0F5B5 /* ViewControllers */,
				734303142919CCB60064974F /* Storyboards */,
				BDE07B05291D9121003324AD /* Context */,
				BDE07B02291D9104003324AD /* Utilities */,
				BD6DF2F9291B1B9400378E42 /* Classes */,
				484DC4912919C84600AE095B /* AppDelegate.swift */,
				484DC4932919C84600AE095B /* SceneDelegate.swift */,
				BD3FBFE9291B6185008268A2 /* main.swift */,
				484DC49A2919C84700AE095B /* Assets.xcassets */,
				484DC49F2919C84700AE095B /* Info.plist */,
			);
			path = FreeFinders3B;
			sourceTree = "<group>";
		};
		484DC4A72919C84700AE095B /* FreeFinders3BTests */ = {
			isa = PBXGroup;
			children = (
				48D16F32291BB3D9005CECEF /* Mapkit Tests.swift */,
				48C191CC291B773E000466F7 /* Google Tests.swift */,
				48C191C8291B7196000466F7 /* Map Tests.swift */,
				484DC4A82919C84700AE095B /* FreeFinders3BTests.swift */,
			);
			path = FreeFinders3BTests;
			sourceTree = "<group>";
		};
		484DC4B12919C84700AE095B /* FreeFinders3BUITests */ = {
			isa = PBXGroup;
			children = (
				484DC4B22919C84700AE095B /* FreeFinders3BUITests.swift */,
				484DC4B42919C84700AE095B /* FreeFinders3BUITestsLaunchTests.swift */,
			);
			path = FreeFinders3BUITests;
			sourceTree = "<group>";
		};
		5A41CE47291B77A000B68AA5 /* Frameworks */ = {
			isa = PBXGroup;
			children = (
			);
			name = Frameworks;
			sourceTree = "<group>";
		};
		734303142919CCB60064974F /* Storyboards */ = {
			isa = PBXGroup;
			children = (
				484DC49C2919C84700AE095B /* LaunchScreen.storyboard */,
				484DC4972919C84600AE095B /* Main.storyboard */,
				5A7713AA2919F20C00040D8A /* List.storyboard */,
				734303152919CCC90064974F /* CreateItemView.storyboard */,
				734303192919CCD00064974F /* Profile.storyboard */,
				738572BA2919F50000D0F5B5 /* ViewItem.storyboard */,
			);
			path = Storyboards;
			sourceTree = "<group>";
		};
		738572C3291A051400D0F5B5 /* ViewControllers */ = {
			isa = PBXGroup;
			children = (
				484DC4952919C84600AE095B /* ViewController.swift */,
				738572C4291A052800D0F5B5 /* ItemViewController.swift */,
				738572C6291A053600D0F5B5 /* ProfileViewController.swift */,
				5A7713B0291A0F9E00040D8A /* ItemTableViewController.swift */,
			);
			path = ViewControllers;
			sourceTree = "<group>";
		};
		BD6DF2F9291B1B9400378E42 /* Classes */ = {
			isa = PBXGroup;
			children = (
				BD6DF2FA291B1BA400378E42 /* Item.swift */,
				BD6DF2FC291B1BAF00378E42 /* User.swift */,
				BD6DF306291B247400378E42 /* AppData.swift */,
			);
			path = Classes;
			sourceTree = "<group>";
		};
		BDE07B02291D9104003324AD /* Utilities */ = {
			isa = PBXGroup;
			children = (
				BDE07B03291D911A003324AD /* Auth.swift */,
				BDE07B08291D9146003324AD /* Refresh.swift */,
			);
			path = Utilities;
			sourceTree = "<group>";
		};
		BDE07B05291D9121003324AD /* Context */ = {
			isa = PBXGroup;
			children = (
				BDE07B06291D9131003324AD /* MongoDB.swift */,
			);
			path = Context;
			sourceTree = "<group>";
		};
/* End PBXGroup section */

/* Begin PBXNativeTarget section */
		484DC48D2919C84600AE095B /* FreeFinders3B */ = {
			isa = PBXNativeTarget;
			buildConfigurationList = 484DC4B82919C84700AE095B /* Build configuration list for PBXNativeTarget "FreeFinders3B" */;
			buildPhases = (
				484DC48A2919C84600AE095B /* Sources */,
				484DC48B2919C84600AE095B /* Frameworks */,
				484DC48C2919C84600AE095B /* Resources */,
			);
			buildRules = (
			);
			dependencies = (
			);
			name = FreeFinders3B;
			packageProductDependencies = (
				BD6DF301291B1D5500378E42 /* Realm */,
				BD6DF303291B1D5500378E42 /* RealmSwift */,
			);
			productName = FreeFinders3B;
			productReference = 484DC48E2919C84600AE095B /* FreeFinders3B.app */;
			productType = "com.apple.product-type.application";
		};
		484DC4A32919C84700AE095B /* FreeFinders3BTests */ = {
			isa = PBXNativeTarget;
			buildConfigurationList = 484DC4BB2919C84700AE095B /* Build configuration list for PBXNativeTarget "FreeFinders3BTests" */;
			buildPhases = (
				484DC4A02919C84700AE095B /* Sources */,
				484DC4A12919C84700AE095B /* Frameworks */,
				484DC4A22919C84700AE095B /* Resources */,
			);
			buildRules = (
			);
			dependencies = (
				484DC4A62919C84700AE095B /* PBXTargetDependency */,
			);
			name = FreeFinders3BTests;
			packageProductDependencies = (
				5A41CE48291B77A000B68AA5 /* Realm */,
				5A41CE4A291B77A000B68AA5 /* RealmSwift */,
			);
			productName = FreeFinders3BTests;
			productReference = 484DC4A42919C84700AE095B /* FreeFinders3BTests.xctest */;
			productType = "com.apple.product-type.bundle.unit-test";
		};
		484DC4AD2919C84700AE095B /* FreeFinders3BUITests */ = {
			isa = PBXNativeTarget;
			buildConfigurationList = 484DC4BE2919C84700AE095B /* Build configuration list for PBXNativeTarget "FreeFinders3BUITests" */;
			buildPhases = (
				484DC4AA2919C84700AE095B /* Sources */,
				484DC4AB2919C84700AE095B /* Frameworks */,
				484DC4AC2919C84700AE095B /* Resources */,
			);
			buildRules = (
			);
			dependencies = (
				484DC4B02919C84700AE095B /* PBXTargetDependency */,
			);
			name = FreeFinders3BUITests;
			packageProductDependencies = (
				48D16F34291BB5FD005CECEF /* Realm */,
				48D16F36291BB600005CECEF /* RealmSwift */,
			);
			productName = FreeFinders3BUITests;
			productReference = 484DC4AE2919C84700AE095B /* FreeFinders3BUITests.xctest */;
			productType = "com.apple.product-type.bundle.ui-testing";
		};
/* End PBXNativeTarget section */

/* Begin PBXProject section */
		484DC4862919C84600AE095B /* Project object */ = {
			isa = PBXProject;
			attributes = {
				BuildIndependentTargetsInParallel = 1;
				LastSwiftUpdateCheck = 1410;
				LastUpgradeCheck = 1410;
				TargetAttributes = {
					484DC48D2919C84600AE095B = {
						CreatedOnToolsVersion = 14.1;
					};
					484DC4A32919C84700AE095B = {
						CreatedOnToolsVersion = 14.1;
						TestTargetID = 484DC48D2919C84600AE095B;
					};
					484DC4AD2919C84700AE095B = {
						CreatedOnToolsVersion = 14.1;
						TestTargetID = 484DC48D2919C84600AE095B;
					};
				};
			};
			buildConfigurationList = 484DC4892919C84600AE095B /* Build configuration list for PBXProject "FreeFinders3B" */;
			compatibilityVersion = "Xcode 13.0";
			developmentRegion = en;
			hasScannedForEncodings = 0;
			knownRegions = (
				en,
				Base,
			);
			mainGroup = 484DC4852919C84600AE095B;
			packageReferences = (
				BD6DF300291B1D5500378E42 /* XCRemoteSwiftPackageReference "realm-swift" */,
			);
			productRefGroup = 484DC48F2919C84600AE095B /* Products */;
			projectDirPath = "";
			projectRoot = "";
			targets = (
				484DC48D2919C84600AE095B /* FreeFinders3B */,
				484DC4A32919C84700AE095B /* FreeFinders3BTests */,
				484DC4AD2919C84700AE095B /* FreeFinders3BUITests */,
			);
		};
/* End PBXProject section */

/* Begin PBXResourcesBuildPhase section */
		484DC48C2919C84600AE095B /* Resources */ = {
			isa = PBXResourcesBuildPhase;
			buildActionMask = 2147483647;
			files = (
				484DC49E2919C84700AE095B /* LaunchScreen.storyboard in Resources */,
				484DC49B2919C84700AE095B /* Assets.xcassets in Resources */,
				738572BB2919F50000D0F5B5 /* ViewItem.storyboard in Resources */,
				5A7713AB2919F20C00040D8A /* List.storyboard in Resources */,
				7343031A2919CCD00064974F /* Profile.storyboard in Resources */,
				734303162919CCC90064974F /* CreateItemView.storyboard in Resources */,
				484DC4992919C84600AE095B /* Main.storyboard in Resources */,
			);
			runOnlyForDeploymentPostprocessing = 0;
		};
		484DC4A22919C84700AE095B /* Resources */ = {
			isa = PBXResourcesBuildPhase;
			buildActionMask = 2147483647;
			files = (
				7343031B2919CCD00064974F /* Profile.storyboard in Resources */,
				738572BC2919F50000D0F5B5 /* ViewItem.storyboard in Resources */,
				734303172919CCC90064974F /* CreateItemView.storyboard in Resources */,
			);
			runOnlyForDeploymentPostprocessing = 0;
		};
		484DC4AC2919C84700AE095B /* Resources */ = {
			isa = PBXResourcesBuildPhase;
			buildActionMask = 2147483647;
			files = (
				7343031C2919CCD00064974F /* Profile.storyboard in Resources */,
				738572BD2919F50000D0F5B5 /* ViewItem.storyboard in Resources */,
				734303182919CCC90064974F /* CreateItemView.storyboard in Resources */,
			);
			runOnlyForDeploymentPostprocessing = 0;
		};
/* End PBXResourcesBuildPhase section */

/* Begin PBXSourcesBuildPhase section */
		484DC48A2919C84600AE095B /* Sources */ = {
			isa = PBXSourcesBuildPhase;
			buildActionMask = 2147483647;
			files = (
				484DC4962919C84600AE095B /* ViewController.swift in Sources */,
				738572C5291A052800D0F5B5 /* ItemViewController.swift in Sources */,
				738572C7291A053600D0F5B5 /* ProfileViewController.swift in Sources */,
				BD6DF307291B247400378E42 /* AppData.swift in Sources */,
				BD6DF2FB291B1BA400378E42 /* Item.swift in Sources */,
				BD6DF2FD291B1BAF00378E42 /* User.swift in Sources */,
				BDE07B07291D9131003324AD /* MongoDB.swift in Sources */,
				BD3FBFEA291B6185008268A2 /* main.swift in Sources */,
				484DC4922919C84600AE095B /* AppDelegate.swift in Sources */,
				5A7713B1291A0F9E00040D8A /* ItemTableViewController.swift in Sources */,
				484DC4942919C84600AE095B /* SceneDelegate.swift in Sources */,
				BDE07B04291D911A003324AD /* Auth.swift in Sources */,
				BDE07B09291D9146003324AD /* Refresh.swift in Sources */,
			);
			runOnlyForDeploymentPostprocessing = 0;
		};
		484DC4A02919C84700AE095B /* Sources */ = {
			isa = PBXSourcesBuildPhase;
			buildActionMask = 2147483647;
			files = (
				48D16F38291BB6CB005CECEF /* Google Tests.swift in Sources */,
				484DC4A92919C84700AE095B /* FreeFinders3BTests.swift in Sources */,
			);
			runOnlyForDeploymentPostprocessing = 0;
		};
		484DC4AA2919C84700AE095B /* Sources */ = {
			isa = PBXSourcesBuildPhase;
			buildActionMask = 2147483647;
			files = (
				484DC4B32919C84700AE095B /* FreeFinders3BUITests.swift in Sources */,
				484DC4B52919C84700AE095B /* FreeFinders3BUITestsLaunchTests.swift in Sources */,
				48D16F33291BB3D9005CECEF /* Mapkit Tests.swift in Sources */,
			);
			runOnlyForDeploymentPostprocessing = 0;
		};
/* End PBXSourcesBuildPhase section */

/* Begin PBXTargetDependency section */
		484DC4A62919C84700AE095B /* PBXTargetDependency */ = {
			isa = PBXTargetDependency;
			target = 484DC48D2919C84600AE095B /* FreeFinders3B */;
			targetProxy = 484DC4A52919C84700AE095B /* PBXContainerItemProxy */;
		};
		484DC4B02919C84700AE095B /* PBXTargetDependency */ = {
			isa = PBXTargetDependency;
			target = 484DC48D2919C84600AE095B /* FreeFinders3B */;
			targetProxy = 484DC4AF2919C84700AE095B /* PBXContainerItemProxy */;
		};
/* End PBXTargetDependency section */

/* Begin PBXVariantGroup section */
		484DC4972919C84600AE095B /* Main.storyboard */ = {
			isa = PBXVariantGroup;
			children = (
				484DC4982919C84600AE095B /* Base */,
			);
			name = Main.storyboard;
			sourceTree = "<group>";
		};
		484DC49C2919C84700AE095B /* LaunchScreen.storyboard */ = {
			isa = PBXVariantGroup;
			children = (
				484DC49D2919C84700AE095B /* Base */,
			);
			name = LaunchScreen.storyboard;
			sourceTree = "<group>";
		};
/* End PBXVariantGroup section */

/* Begin XCBuildConfiguration section */
		484DC4B62919C84700AE095B /* Debug */ = {
			isa = XCBuildConfiguration;
			buildSettings = {
				ALWAYS_SEARCH_USER_PATHS = NO;
				CLANG_ANALYZER_NONNULL = YES;
				CLANG_ANALYZER_NUMBER_OBJECT_CONVERSION = YES_AGGRESSIVE;
				CLANG_CXX_LANGUAGE_STANDARD = "gnu++20";
				CLANG_ENABLE_MODULES = YES;
				CLANG_ENABLE_OBJC_ARC = YES;
				CLANG_ENABLE_OBJC_WEAK = YES;
				CLANG_WARN_BLOCK_CAPTURE_AUTORELEASING = YES;
				CLANG_WARN_BOOL_CONVERSION = YES;
				CLANG_WARN_COMMA = YES;
				CLANG_WARN_CONSTANT_CONVERSION = YES;
				CLANG_WARN_DEPRECATED_OBJC_IMPLEMENTATIONS = YES;
				CLANG_WARN_DIRECT_OBJC_ISA_USAGE = YES_ERROR;
				CLANG_WARN_DOCUMENTATION_COMMENTS = YES;
				CLANG_WARN_EMPTY_BODY = YES;
				CLANG_WARN_ENUM_CONVERSION = YES;
				CLANG_WARN_INFINITE_RECURSION = YES;
				CLANG_WARN_INT_CONVERSION = YES;
				CLANG_WARN_NON_LITERAL_NULL_CONVERSION = YES;
				CLANG_WARN_OBJC_IMPLICIT_RETAIN_SELF = YES;
				CLANG_WARN_OBJC_LITERAL_CONVERSION = YES;
				CLANG_WARN_OBJC_ROOT_CLASS = YES_ERROR;
				CLANG_WARN_QUOTED_INCLUDE_IN_FRAMEWORK_HEADER = YES;
				CLANG_WARN_RANGE_LOOP_ANALYSIS = YES;
				CLANG_WARN_STRICT_PROTOTYPES = YES;
				CLANG_WARN_SUSPICIOUS_MOVE = YES;
				CLANG_WARN_UNGUARDED_AVAILABILITY = YES_AGGRESSIVE;
				CLANG_WARN_UNREACHABLE_CODE = YES;
				CLANG_WARN__DUPLICATE_METHOD_MATCH = YES;
				COPY_PHASE_STRIP = NO;
				DEBUG_INFORMATION_FORMAT = dwarf;
				ENABLE_STRICT_OBJC_MSGSEND = YES;
				ENABLE_TESTABILITY = YES;
				GCC_C_LANGUAGE_STANDARD = gnu11;
				GCC_DYNAMIC_NO_PIC = NO;
				GCC_NO_COMMON_BLOCKS = YES;
				GCC_OPTIMIZATION_LEVEL = 0;
				GCC_PREPROCESSOR_DEFINITIONS = (
					"DEBUG=1",
					"$(inherited)",
				);
				GCC_WARN_64_TO_32_BIT_CONVERSION = YES;
				GCC_WARN_ABOUT_RETURN_TYPE = YES_ERROR;
				GCC_WARN_UNDECLARED_SELECTOR = YES;
				GCC_WARN_UNINITIALIZED_AUTOS = YES_AGGRESSIVE;
				GCC_WARN_UNUSED_FUNCTION = YES;
				GCC_WARN_UNUSED_VARIABLE = YES;
				IPHONEOS_DEPLOYMENT_TARGET = 15.5;
				MTL_ENABLE_DEBUG_INFO = INCLUDE_SOURCE;
				MTL_FAST_MATH = YES;
				ONLY_ACTIVE_ARCH = YES;
				SDKROOT = iphoneos;
				SWIFT_ACTIVE_COMPILATION_CONDITIONS = DEBUG;
				SWIFT_OPTIMIZATION_LEVEL = "-Onone";
			};
			name = Debug;
		};
		484DC4B72919C84700AE095B /* Release */ = {
			isa = XCBuildConfiguration;
			buildSettings = {
				ALWAYS_SEARCH_USER_PATHS = NO;
				CLANG_ANALYZER_NONNULL = YES;
				CLANG_ANALYZER_NUMBER_OBJECT_CONVERSION = YES_AGGRESSIVE;
				CLANG_CXX_LANGUAGE_STANDARD = "gnu++20";
				CLANG_ENABLE_MODULES = YES;
				CLANG_ENABLE_OBJC_ARC = YES;
				CLANG_ENABLE_OBJC_WEAK = YES;
				CLANG_WARN_BLOCK_CAPTURE_AUTORELEASING = YES;
				CLANG_WARN_BOOL_CONVERSION = YES;
				CLANG_WARN_COMMA = YES;
				CLANG_WARN_CONSTANT_CONVERSION = YES;
				CLANG_WARN_DEPRECATED_OBJC_IMPLEMENTATIONS = YES;
				CLANG_WARN_DIRECT_OBJC_ISA_USAGE = YES_ERROR;
				CLANG_WARN_DOCUMENTATION_COMMENTS = YES;
				CLANG_WARN_EMPTY_BODY = YES;
				CLANG_WARN_ENUM_CONVERSION = YES;
				CLANG_WARN_INFINITE_RECURSION = YES;
				CLANG_WARN_INT_CONVERSION = YES;
				CLANG_WARN_NON_LITERAL_NULL_CONVERSION = YES;
				CLANG_WARN_OBJC_IMPLICIT_RETAIN_SELF = YES;
				CLANG_WARN_OBJC_LITERAL_CONVERSION = YES;
				CLANG_WARN_OBJC_ROOT_CLASS = YES_ERROR;
				CLANG_WARN_QUOTED_INCLUDE_IN_FRAMEWORK_HEADER = YES;
				CLANG_WARN_RANGE_LOOP_ANALYSIS = YES;
				CLANG_WARN_STRICT_PROTOTYPES = YES;
				CLANG_WARN_SUSPICIOUS_MOVE = YES;
				CLANG_WARN_UNGUARDED_AVAILABILITY = YES_AGGRESSIVE;
				CLANG_WARN_UNREACHABLE_CODE = YES;
				CLANG_WARN__DUPLICATE_METHOD_MATCH = YES;
				COPY_PHASE_STRIP = NO;
				DEBUG_INFORMATION_FORMAT = "dwarf-with-dsym";
				ENABLE_NS_ASSERTIONS = NO;
				ENABLE_STRICT_OBJC_MSGSEND = YES;
				GCC_C_LANGUAGE_STANDARD = gnu11;
				GCC_NO_COMMON_BLOCKS = YES;
				GCC_WARN_64_TO_32_BIT_CONVERSION = YES;
				GCC_WARN_ABOUT_RETURN_TYPE = YES_ERROR;
				GCC_WARN_UNDECLARED_SELECTOR = YES;
				GCC_WARN_UNINITIALIZED_AUTOS = YES_AGGRESSIVE;
				GCC_WARN_UNUSED_FUNCTION = YES;
				GCC_WARN_UNUSED_VARIABLE = YES;
				IPHONEOS_DEPLOYMENT_TARGET = 15.5;
				MTL_ENABLE_DEBUG_INFO = NO;
				MTL_FAST_MATH = YES;
				SDKROOT = iphoneos;
				SWIFT_COMPILATION_MODE = wholemodule;
				SWIFT_OPTIMIZATION_LEVEL = "-O";
				VALIDATE_PRODUCT = YES;
			};
			name = Release;
		};
		484DC4B92919C84700AE095B /* Debug */ = {
			isa = XCBuildConfiguration;
			buildSettings = {
				ASSETCATALOG_COMPILER_APPICON_NAME = AppIcon;
				ASSETCATALOG_COMPILER_GLOBAL_ACCENT_COLOR_NAME = AccentColor;
				CODE_SIGN_STYLE = Automatic;
				CURRENT_PROJECT_VERSION = 1;
				DEVELOPMENT_TEAM = KAP5HAAY49;
				GENERATE_INFOPLIST_FILE = YES;
				INFOPLIST_FILE = FreeFinders3B/Info.plist;
				INFOPLIST_KEY_UIApplicationSupportsIndirectInputEvents = YES;
				INFOPLIST_KEY_UILaunchStoryboardName = Main.storyboard;
				INFOPLIST_KEY_UIMainStoryboardFile = Main;
				INFOPLIST_KEY_UISupportedInterfaceOrientations_iPad = "UIInterfaceOrientationPortrait UIInterfaceOrientationPortraitUpsideDown UIInterfaceOrientationLandscapeLeft UIInterfaceOrientationLandscapeRight";
				INFOPLIST_KEY_UISupportedInterfaceOrientations_iPhone = "UIInterfaceOrientationPortrait UIInterfaceOrientationLandscapeLeft UIInterfaceOrientationLandscapeRight";
				IPHONEOS_DEPLOYMENT_TARGET = 15.0;
				LD_RUNPATH_SEARCH_PATHS = (
					"$(inherited)",
					"@executable_path/Frameworks",
				);
				MARKETING_VERSION = 1.0;
				PRODUCT_BUNDLE_IDENTIFIER = "freefinders.FreeFinders3B-UIW";
				PRODUCT_NAME = "$(TARGET_NAME)";
				SWIFT_EMIT_LOC_STRINGS = YES;
				SWIFT_VERSION = 5.0;
				TARGETED_DEVICE_FAMILY = "1,2";
			};
			name = Debug;
		};
		484DC4BA2919C84700AE095B /* Release */ = {
			isa = XCBuildConfiguration;
			buildSettings = {
				ASSETCATALOG_COMPILER_APPICON_NAME = AppIcon;
				ASSETCATALOG_COMPILER_GLOBAL_ACCENT_COLOR_NAME = AccentColor;
				CODE_SIGN_STYLE = Automatic;
				CURRENT_PROJECT_VERSION = 1;
				DEVELOPMENT_TEAM = C5CUS4LXFK;
				GENERATE_INFOPLIST_FILE = YES;
				INFOPLIST_FILE = FreeFinders3B/Info.plist;
				INFOPLIST_KEY_UIApplicationSupportsIndirectInputEvents = YES;
				INFOPLIST_KEY_UILaunchStoryboardName = Main.storyboard;
				INFOPLIST_KEY_UIMainStoryboardFile = Main;
				INFOPLIST_KEY_UISupportedInterfaceOrientations_iPad = "UIInterfaceOrientationPortrait UIInterfaceOrientationPortraitUpsideDown UIInterfaceOrientationLandscapeLeft UIInterfaceOrientationLandscapeRight";
				INFOPLIST_KEY_UISupportedInterfaceOrientations_iPhone = "UIInterfaceOrientationPortrait UIInterfaceOrientationLandscapeLeft UIInterfaceOrientationLandscapeRight";
				IPHONEOS_DEPLOYMENT_TARGET = 15.0;
				LD_RUNPATH_SEARCH_PATHS = (
					"$(inherited)",
					"@executable_path/Frameworks",
				);
				MARKETING_VERSION = 1.0;
				PRODUCT_BUNDLE_IDENTIFIER = "freefinders.FreeFinders3B-UI";
				PRODUCT_NAME = "$(TARGET_NAME)";
				SWIFT_EMIT_LOC_STRINGS = YES;
				SWIFT_VERSION = 5.0;
				TARGETED_DEVICE_FAMILY = "1,2";
			};
			name = Release;
		};
		484DC4BC2919C84700AE095B /* Debug */ = {
			isa = XCBuildConfiguration;
			buildSettings = {
				ALWAYS_EMBED_SWIFT_STANDARD_LIBRARIES = YES;
				BUNDLE_LOADER = "$(TEST_HOST)";
				CODE_SIGN_STYLE = Automatic;
				CURRENT_PROJECT_VERSION = 1;
				DEVELOPMENT_TEAM = KAP5HAAY49;
				GENERATE_INFOPLIST_FILE = YES;
				IPHONEOS_DEPLOYMENT_TARGET = 15.5;
				MARKETING_VERSION = 1.0;
				PRODUCT_BUNDLE_IDENTIFIER = freefinders.FreeFinders3BTests;
				PRODUCT_NAME = "$(TARGET_NAME)";
				SWIFT_EMIT_LOC_STRINGS = NO;
				SWIFT_VERSION = 5.0;
				TARGETED_DEVICE_FAMILY = "1,2";
				TEST_HOST = "$(BUILT_PRODUCTS_DIR)/FreeFinders3B.app/FreeFinders3B";
			};
			name = Debug;
		};
		484DC4BD2919C84700AE095B /* Release */ = {
			isa = XCBuildConfiguration;
			buildSettings = {
				ALWAYS_EMBED_SWIFT_STANDARD_LIBRARIES = YES;
				BUNDLE_LOADER = "$(TEST_HOST)";
				CODE_SIGN_STYLE = Automatic;
				CURRENT_PROJECT_VERSION = 1;
				DEVELOPMENT_TEAM = KAP5HAAY49;
				GENERATE_INFOPLIST_FILE = YES;
				IPHONEOS_DEPLOYMENT_TARGET = 15.5;
				MARKETING_VERSION = 1.0;
				PRODUCT_BUNDLE_IDENTIFIER = freefinders.FreeFinders3BTests;
				PRODUCT_NAME = "$(TARGET_NAME)";
				SWIFT_EMIT_LOC_STRINGS = NO;
				SWIFT_VERSION = 5.0;
				TARGETED_DEVICE_FAMILY = "1,2";
				TEST_HOST = "$(BUILT_PRODUCTS_DIR)/FreeFinders3B.app/FreeFinders3B";
			};
			name = Release;
		};
		484DC4BF2919C84700AE095B /* Debug */ = {
			isa = XCBuildConfiguration;
			buildSettings = {
				ALWAYS_EMBED_SWIFT_STANDARD_LIBRARIES = YES;
				CODE_SIGN_STYLE = Automatic;
				CURRENT_PROJECT_VERSION = 1;
				DEVELOPMENT_TEAM = KAP5HAAY49;
				GENERATE_INFOPLIST_FILE = YES;
				MARKETING_VERSION = 1.0;
				PRODUCT_BUNDLE_IDENTIFIER = freefinders.FreeFinders3BUITests;
				PRODUCT_NAME = "$(TARGET_NAME)";
				SWIFT_EMIT_LOC_STRINGS = NO;
				SWIFT_VERSION = 5.0;
				TARGETED_DEVICE_FAMILY = "1,2";
				TEST_TARGET_NAME = FreeFinders3B;
			};
			name = Debug;
		};
		484DC4C02919C84700AE095B /* Release */ = {
			isa = XCBuildConfiguration;
			buildSettings = {
				ALWAYS_EMBED_SWIFT_STANDARD_LIBRARIES = YES;
				CODE_SIGN_STYLE = Automatic;
				CURRENT_PROJECT_VERSION = 1;
				DEVELOPMENT_TEAM = KAP5HAAY49;
				GENERATE_INFOPLIST_FILE = YES;
				MARKETING_VERSION = 1.0;
				PRODUCT_BUNDLE_IDENTIFIER = freefinders.FreeFinders3BUITests;
				PRODUCT_NAME = "$(TARGET_NAME)";
				SWIFT_EMIT_LOC_STRINGS = NO;
				SWIFT_VERSION = 5.0;
				TARGETED_DEVICE_FAMILY = "1,2";
				TEST_TARGET_NAME = FreeFinders3B;
			};
			name = Release;
		};
/* End XCBuildConfiguration section */

/* Begin XCConfigurationList section */
		484DC4892919C84600AE095B /* Build configuration list for PBXProject "FreeFinders3B" */ = {
			isa = XCConfigurationList;
			buildConfigurations = (
				484DC4B62919C84700AE095B /* Debug */,
				484DC4B72919C84700AE095B /* Release */,
			);
			defaultConfigurationIsVisible = 0;
			defaultConfigurationName = Release;
		};
		484DC4B82919C84700AE095B /* Build configuration list for PBXNativeTarget "FreeFinders3B" */ = {
			isa = XCConfigurationList;
			buildConfigurations = (
				484DC4B92919C84700AE095B /* Debug */,
				484DC4BA2919C84700AE095B /* Release */,
			);
			defaultConfigurationIsVisible = 0;
			defaultConfigurationName = Release;
		};
		484DC4BB2919C84700AE095B /* Build configuration list for PBXNativeTarget "FreeFinders3BTests" */ = {
			isa = XCConfigurationList;
			buildConfigurations = (
				484DC4BC2919C84700AE095B /* Debug */,
				484DC4BD2919C84700AE095B /* Release */,
			);
			defaultConfigurationIsVisible = 0;
			defaultConfigurationName = Release;
		};
		484DC4BE2919C84700AE095B /* Build configuration list for PBXNativeTarget "FreeFinders3BUITests" */ = {
			isa = XCConfigurationList;
			buildConfigurations = (
				484DC4BF2919C84700AE095B /* Debug */,
				484DC4C02919C84700AE095B /* Release */,
			);
			defaultConfigurationIsVisible = 0;
			defaultConfigurationName = Release;
		};
/* End XCConfigurationList section */

/* Begin XCRemoteSwiftPackageReference section */
		BD6DF300291B1D5500378E42 /* XCRemoteSwiftPackageReference "realm-swift" */ = {
			isa = XCRemoteSwiftPackageReference;
			repositoryURL = "https://github.com/realm/realm-swift.git";
			requirement = {
				branch = master;
				kind = branch;
			};
		};
/* End XCRemoteSwiftPackageReference section */

/* Begin XCSwiftPackageProductDependency section */
		48D16F34291BB5FD005CECEF /* Realm */ = {
			isa = XCSwiftPackageProductDependency;
			package = BD6DF300291B1D5500378E42 /* XCRemoteSwiftPackageReference "realm-swift" */;
			productName = Realm;
		};
		48D16F36291BB600005CECEF /* RealmSwift */ = {
			isa = XCSwiftPackageProductDependency;
			package = BD6DF300291B1D5500378E42 /* XCRemoteSwiftPackageReference "realm-swift" */;
			productName = RealmSwift;
		};
		5A41CE48291B77A000B68AA5 /* Realm */ = {
			isa = XCSwiftPackageProductDependency;
			package = BD6DF300291B1D5500378E42 /* XCRemoteSwiftPackageReference "realm-swift" */;
			productName = Realm;
		};
		5A41CE4A291B77A000B68AA5 /* RealmSwift */ = {
			isa = XCSwiftPackageProductDependency;
			package = BD6DF300291B1D5500378E42 /* XCRemoteSwiftPackageReference "realm-swift" */;
			productName = RealmSwift;
		};
		BD6DF301291B1D5500378E42 /* Realm */ = {
			isa = XCSwiftPackageProductDependency;
			package = BD6DF300291B1D5500378E42 /* XCRemoteSwiftPackageReference "realm-swift" */;
			productName = Realm;
		};
		BD6DF303291B1D5500378E42 /* RealmSwift */ = {
			isa = XCSwiftPackageProductDependency;
			package = BD6DF300291B1D5500378E42 /* XCRemoteSwiftPackageReference "realm-swift" */;
			productName = RealmSwift;
		};
/* End XCSwiftPackageProductDependency section */
	};
	rootObject = 484DC4862919C84600AE095B /* Project object */;
}
